# THIS IS AN AUTOGENERATED FILE. DO NOT EDIT THIS FILE DIRECTLY.
# yarn lockfile v1


"aos@^2.3.4":
  "integrity" "sha512-zh/ahtR2yME4I51z8IttIt4lC1Nw0ktsFtmeDzID1m9naJnWXhCoARaCgNOGXb5CLy3zm+wqmRAEgMYB5E2HUw=="
  "resolved" "https://registry.npmjs.org/aos/-/aos-2.3.4.tgz"
  "version" "2.3.4"
  dependencies:
    "classlist-polyfill" "^1.0.3"
    "lodash.debounce" "^4.0.6"
    "lodash.throttle" "^4.0.1"

"cheet.js@^0.3.3":
  "integrity" "sha1-yY5f3vyMYkGhzW3PcaCbBjiH2u0="
  "resolved" "https://registry.npmjs.org/cheet.js/-/cheet.js-0.3.3.tgz"
  "version" "0.3.3"

"classlist-polyfill@^1.0.3":
  "integrity" "sha1-k1vC39lFiodrJ5YXUUY4vKqWSi4="
  "resolved" "https://registry.npmjs.org/classlist-polyfill/-/classlist-polyfill-1.2.0.tgz"
  "version" "1.2.0"

"fullpage.js@^3.1.2":
  "integrity" "sha512-hv7z6xhbg2StTp1UDq2hi+0oHjhT7cW3zCL3qCIJ3ood5pN0FRBQ2YKIOUobhsp4ATSQlr6sZ2TOcS+Ha+T7Cg=="
  "resolved" "https://registry.npmjs.org/fullpage.js/-/fullpage.js-3.1.2.tgz"
  "version" "3.1.2"

"lodash.debounce@^4.0.6":
  "integrity" "sha1-gteb/zCmfEAF/9XiUVMArZyk168="
  "resolved" "https://registry.npmjs.org/lodash.debounce/-/lodash.debounce-4.0.8.tgz"
  "version" "4.0.8"

"lodash.throttle@^4.0.1":
  "integrity" "sha1-wj6RtxAkKscMN/HhzaknTMOb8vQ="
  "resolved" "https://registry.npmjs.org/lodash.throttle/-/lodash.throttle-4.1.1.tgz"
  "version" "4.1.1"

"scroll-snap@^4.0.2":
  "integrity" "sha512-jUKs8R//JBZnRZoiCSZy4g8dpKTtpA7Ternn4WVLoAg7HwG4gzDBbjCsbMn9CTn59wtUkplxTqsKQBYYDCdMqA=="
  "resolved" "https://registry.npmjs.org/scroll-snap/-/scroll-snap-4.0.2.tgz"
  "version" "4.0.2"
